
Microsoft Visual Studio Solution File, Format Version 12.00
# Visual Studio Version 17
VisualStudioVersion = 17.3.32922.545
MinimumVisualStudioVersion = 10.0.40219.1
Project("{8BC9CEB8-8B4A-11D0-8D11-00A0C91BC942}") = "Project4", "Project4\Project4.vcxproj", "{140C6E43-6B93-46DC-9C33-168118EE5268}"
EndProject
Global
	GlobalSection(SolutionConfigurationPlatforms) = preSolution
		Debug|x64 = Debug|x64
		Debug|x86 = Debug|x86
		Release|x64 = Release|x64
		Release|x86 = Release|x86
	EndGlobalSection
	GlobalSection(ProjectConfigurationPlatforms) = postSolution
		{140C6E43-6B93-46DC-9C33-168118EE5268}.Debug|x64.ActiveCfg = Debug|x64
		{140C6E43-6B93-46DC-9C33-168118EE5268}.Debug|x64.Build.0 = Debug|x64
		{140C6E43-6B93-46DC-9C33-168118EE5268}.Debug|x86.ActiveCfg = Debug|Win32
		{140C6E43-6B93-46DC-9C33-168118EE5268}.Debug|x86.Build.0 = Debug|Win32
		{140C6E43-6B93-46DC-9C33-168118EE5268}.Release|x64.ActiveCfg = Release|x64
		{140C6E43-6B93-46DC-9C33-168118EE5268}.Release|x64.Build.0 = Release|x64
		{140C6E43-6B93-46DC-9C33-168118EE5268}.Release|x86.ActiveCfg = Release|Win32
		{140C6E43-6B93-46DC-9C33-168118EE5268}.Release|x86.Build.0 = Release|Win32
	EndGlobalSection
	GlobalSection(SolutionProperties) = preSolution
		HideSolutionNode = FALSE
	EndGlobalSection
	GlobalSection(ExtensibilityGlobals) = postSolution
		SolutionGuid = {F2D79EDD-BA7F-4886-8FDF-88E112803D3A}
	EndGlobalSection
EndGlobal
